// !$*UTF8*$!
{
	archiveVersion = 1;
	classes = {
	};
	objectVersion = 46;
	objects = {

/* Begin PBXBuildFile section */
		35A564851B1FF2B200656AD5 /* main.m in Sources */ = {isa = PBXBuildFile; fileRef = 35A564841B1FF2B200656AD5 /* main.m */; };
		35A564881B1FF2B200656AD5 /* AppDelegate.m in Sources */ = {isa = PBXBuildFile; fileRef = 35A564871B1FF2B200656AD5 /* AppDelegate.m */; };
		35A5648B1B1FF2B200656AD5 /* ViewController.m in Sources */ = {isa = PBXBuildFile; fileRef = 35A5648A1B1FF2B200656AD5 /* ViewController.m */; };
		35A5648E1B1FF2B200656AD5 /* Main.storyboard in Resources */ = {isa = PBXBuildFile; fileRef = 35A5648C1B1FF2B200656AD5 /* Main.storyboard */; };
		35A564901B1FF2B200656AD5 /* Images.xcassets in Resources */ = {isa = PBXBuildFile; fileRef = 35A5648F1B1FF2B200656AD5 /* Images.xcassets */; };
		35A564931B1FF2B200656AD5 /* LaunchScreen.xib in Resources */ = {isa = PBXBuildFile; fileRef = 35A564911B1FF2B200656AD5 /* LaunchScreen.xib */; };
		35A5649F1B1FF2B200656AD5 /* CircularGraphViewTestTests.m in Sources */ = {isa = PBXBuildFile; fileRef = 35A5649E1B1FF2B200656AD5 /* CircularGraphViewTestTests.m */; };
/* End PBXBuildFile section */

/* Begin PBXContainerItemProxy section */
		35A564991B1FF2B200656AD5 /* PBXContainerItemProxy */ = {
			isa = PBXContainerItemProxy;
			containerPortal = 35A564771B1FF2B200656AD5 /* Project object */;
			proxyType = 1;
			remoteGlobalIDString = 35A5647E1B1FF2B200656AD5;
			remoteInfo = CircularGraphViewTest;
		};
/* End PBXContainerItemProxy section */

/* Begin PBXFileReference section */
		35A5647F1B1FF2B200656AD5 /* CircularGraphViewTest.app */ = {isa = PBXFileReference; explicitFileType = wrapper.application; includeInIndex = 0; path = CircularGraphViewTest.app; sourceTree = BUILT_PRODUCTS_DIR; };
		35A564831B1FF2B200656AD5 /* Info.plist */ = {isa = PBXFileReference; lastKnownFileType = text.plist.xml; path = Info.plist; sourceTree = "<group>"; };
		35A564841B1FF2B200656AD5 /* main.m */ = {isa = PBXFileReference; lastKnownFileType = sourcecode.c.objc; path = main.m; sourceTree = "<group>"; };
		35A564861B1FF2B200656AD5 /* AppDelegate.h */ = {isa = PBXFileReference; lastKnownFileType = sourcecode.c.h; path = AppDelegate.h; sourceTree = "<group>"; };
		35A564871B1FF2B200656AD5 /* AppDelegate.m */ = {isa = PBXFileReference; lastKnownFileType = sourcecode.c.objc; path = AppDelegate.m; sourceTree = "<group>"; };
		35A564891B1FF2B200656AD5 /* ViewController.h */ = {isa = PBXFileReference; lastKnownFileType = sourcecode.c.h; path = ViewController.h; sourceTree = "<group>"; };
		35A5648A1B1FF2B200656AD5 /* ViewController.m */ = {isa = PBXFileReference; lastKnownFileType = sourcecode.c.objc; path = ViewController.m; sourceTree = "<group>"; };
		35A5648D1B1FF2B200656AD5 /* Base */ = {isa = PBXFileReference; lastKnownFileType = file.storyboard; name = Base; path = Base.lproj/Main.storyboard; sourceTree = "<group>"; };
		35A5648F1B1FF2B200656AD5 /* Images.xcassets */ = {isa = PBXFileReference; lastKnownFileType = folder.assetcatalog; path = Images.xcassets; sourceTree = "<group>"; };
		35A564921B1FF2B200656AD5 /* Base */ = {isa = PBXFileReference; lastKnownFileType = file.xib; name = Base; path = Base.lproj/LaunchScreen.xib; sourceTree = "<group>"; };
		35A564981B1FF2B200656AD5 /* CircularGraphViewTestTests.xctest */ = {isa = PBXFileReference; explicitFileType = wrapper.cfbundle; includeInIndex = 0; path = CircularGraphViewTestTests.xctest; sourceTree = BUILT_PRODUCTS_DIR; };
		35A5649D1B1FF2B200656AD5 /* Info.plist */ = {isa = PBXFileReference; lastKnownFileType = text.plist.xml; path = Info.plist; sourceTree = "<group>"; };
		35A5649E1B1FF2B200656AD5 /* CircularGraphViewTestTests.m */ = {isa = PBXFileReference; lastKnownFileType = sourcecode.c.objc; path = CircularGraphViewTestTests.m; sourceTree = "<group>"; };
/* End PBXFileReference section */

/* Begin PBXFrameworksBuildPhase section */
		35A5647C1B1FF2B200656AD5 /* Frameworks */ = {
			isa = PBXFrameworksBuildPhase;
			buildActionMask = 2147483647;
			files = (
			);
			runOnlyForDeploymentPostprocessing = 0;
		};
		35A564951B1FF2B200656AD5 /* Frameworks */ = {
			isa = PBXFrameworksBuildPhase;
			buildActionMask = 2147483647;
			files = (
			);
			runOnlyForDeploymentPostprocessing = 0;
		};
/* End PBXFrameworksBuildPhase section */

/* Begin PBXGroup section */
		35A564761B1FF2B200656AD5 = {
			isa = PBXGroup;
			children = (
				35A564811B1FF2B200656AD5 /* CircularGraphViewTest */,
				35A5649B1B1FF2B200656AD5 /* CircularGraphViewTestTests */,
				35A564801B1FF2B200656AD5 /* Products */,
			);
			sourceTree = "<group>";
		};
		35A564801B1FF2B200656AD5 /* Products */ = {
			isa = PBXGroup;
			children = (
				35A5647F1B1FF2B200656AD5 /* CircularGraphViewTest.app */,
				35A564981B1FF2B200656AD5 /* CircularGraphViewTestTests.xctest */,
			);
			name = Products;
			sourceTree = "<group>";
		};
		35A564811B1FF2B200656AD5 /* CircularGraphViewTest */ = {
			isa = PBXGroup;
			children = (
				35A564861B1FF2B200656AD5 /* AppDelegate.h */,
				35A564871B1FF2B200656AD5 /* AppDelegate.m */,
				35A564891B1FF2B200656AD5 /* ViewController.h */,
				35A5648A1B1FF2B200656AD5 /* ViewController.m */,
				35A5648C1B1FF2B200656AD5 /* Main.storyboard */,
				35A5648F1B1FF2B200656AD5 /* Images.xcassets */,
				35A564911B1FF2B200656AD5 /* LaunchScreen.xib */,
				35A564821B1FF2B200656AD5 /* Supporting Files */,
			);
			path = CircularGraphViewTest;
			sourceTree = "<group>";
		};
		35A564821B1FF2B200656AD5 /* Supporting Files */ = {
			isa = PBXGroup;
			children = (
				35A564831B1FF2B200656AD5 /* Info.plist */,
				35A564841B1FF2B200656AD5 /* main.m */,
			);
			name = "Supporting Files";
			sourceTree = "<group>";
		};
		35A5649B1B1FF2B200656AD5 /* CircularGraphViewTestTests */ = {
			isa = PBXGroup;
			children = (
				35A5649E1B1FF2B200656AD5 /* CircularGraphViewTestTests.m */,
				35A5649C1B1FF2B200656AD5 /* Supporting Files */,
			);
			path = CircularGraphViewTestTests;
			sourceTree = "<group>";
		};
		35A5649C1B1FF2B200656AD5 /* Supporting Files */ = {
			isa = PBXGroup;
			children = (
				35A5649D1B1FF2B200656AD5 /* Info.plist */,
			);
			name = "Supporting Files";
			sourceTree = "<group>";
		};
/* End PBXGroup section */

/* Begin PBXNativeTarget section */
		35A5647E1B1FF2B200656AD5 /* CircularGraphViewTest */ = {
			isa = PBXNativeTarget;
			buildConfigurationList = 35A564A21B1FF2B200656AD5 /* Build configuration list for PBXNativeTarget "CircularGraphViewTest" */;
			buildPhases = (
				35A5647B1B1FF2B200656AD5 /* Sources */,
				35A5647C1B1FF2B200656AD5 /* Frameworks */,
				35A5647D1B1FF2B200656AD5 /* Resources */,
			);
			buildRules = (
			);
			dependencies = (
			);
			name = CircularGraphViewTest;
			productName = CircularGraphViewTest;
			productReference = 35A5647F1B1FF2B200656AD5 /* CircularGraphViewTest.app */;
			productType = "com.apple.product-type.application";
		};
		35A564971B1FF2B200656AD5 /* CircularGraphViewTestTests */ = {
			isa = PBXNativeTarget;
			buildConfigurationList = 35A564A51B1FF2B200656AD5 /* Build configuration list for PBXNativeTarget "CircularGraphViewTestTests" */;
			buildPhases = (
				35A564941B1FF2B200656AD5 /* Sources */,
				35A564951B1FF2B200656AD5 /* Frameworks */,
				35A564961B1FF2B200656AD5 /* Resources */,
			);
			buildRules = (
			);
			dependencies = (
				35A5649A1B1FF2B200656AD5 /* PBXTargetDependency */,
			);
			name = CircularGraphViewTestTests;
			productName = CircularGraphViewTestTests;
			productReference = 35A564981B1FF2B200656AD5 /* CircularGraphViewTestTests.xctest */;
			productType = "com.apple.product-type.bundle.unit-test";
		};
/* End PBXNativeTarget section */

/* Begin PBXProject section */
		35A564771B1FF2B200656AD5 /* Project object */ = {
			isa = PBXProject;
			attributes = {
				LastUpgradeCheck = 0630;
				ORGANIZATIONNAME = "Nicolas Ameghino";
				TargetAttributes = {
					35A5647E1B1FF2B200656AD5 = {
						CreatedOnToolsVersion = 6.3.2;
					};
					35A564971B1FF2B200656AD5 = {
						CreatedOnToolsVersion = 6.3.2;
						TestTargetID = 35A5647E1B1FF2B200656AD5;
					};
				};
			};
			buildConfigurationList = 35A5647A1B1FF2B200656AD5 /* Build configuration list for PBXProject "CircularGraphViewTest" */;
			compatibilityVersion = "Xcode 3.2";
			developmentRegion = English;
			hasScannedForEncodings = 0;
			knownRegions = (
				en,
				Base,
			);
			mainGroup = 35A564761B1FF2B200656AD5;
			productRefGroup = 35A564801B1FF2B200656AD5 /* Products */;
			projectDirPath = "";
			projectRoot = "";
			targets = (
				35A5647E1B1FF2B200656AD5 /* CircularGraphViewTest */,
				35A564971B1FF2B200656AD5 /* CircularGraphViewTestTests */,
			);
		};
/* End PBXProject section */

/* Begin PBXResourcesBuildPhase section */
		35A5647D1B1FF2B200656AD5 /* Resources */ = {
			isa = PBXResourcesBuildPhase;
			buildActionMask = 2147483647;
			files = (
				35A5648E1B1FF2B200656AD5 /* Main.storyboard in Resources */,
				35A564931B1FF2B200656AD5 /* LaunchScreen.xib in Resources */,
				35A564901B1FF2B200656AD5 /* Images.xcassets in Resources */,
			);
			runOnlyForDeploymentPostprocessing = 0;
		};
		35A564961B1FF2B200656AD5 /* Resources */ = {
			isa = PBXResourcesBuildPhase;
			buildActionMask = 2147483647;
			files = (
			);
			runOnlyForDeploymentPostprocessing = 0;
		};
/* End PBXResourcesBuildPhase section */

/* Begin PBXSourcesBuildPhase section */
		35A5647B1B1FF2B200656AD5 /* Sources */ = {
			isa = PBXSourcesBuildPhase;
			buildActionMask = 2147483647;
			files = (
				35A5648B1B1FF2B200656AD5 /* ViewController.m in Sources */,
				35A564881B1FF2B200656AD5 /* AppDelegate.m in Sources */,
				35A564851B1FF2B200656AD5 /* main.m in Sources */,
			);
			runOnlyForDeploymentPostprocessing = 0;
		};
		35A564941B1FF2B200656AD5 /* Sources */ = {
			isa = PBXSourcesBuildPhase;
			buildActionMask = 2147483647;
			files = (
				35A5649F1B1FF2B200656AD5 /* CircularGraphViewTestTests.m in Sources */,
			);
			runOnlyForDeploymentPostprocessing = 0;
		};
/* End PBXSourcesBuildPhase section */

/* Begin PBXTargetDependency section */
		35A5649A1B1FF2B200656AD5 /* PBXTargetDependency */ = {
			isa = PBXTargetDependency;
			target = 35A5647E1B1FF2B200656AD5 /* CircularGraphViewTest */;
			targetProxy = 35A564991B1FF2B200656AD5 /* PBXContainerItemProxy */;
		};
/* End PBXTargetDependency section */

/* Begin PBXVariantGroup section */
		35A5648C1B1FF2B200656AD5 /* Main.storyboard */ = {
			isa = PBXVariantGroup;
			children = (
				35A5648D1B1FF2B200656AD5 /* Base */,
			);
			name = Main.storyboard;
			sourceTree = "<group>";
		};
		35A564911B1FF2B200656AD5 /* LaunchScreen.xib */ = {
			isa = PBXVariantGroup;
			children = (
				35A564921B1FF2B200656AD5 /* Base */,
			);
			name = LaunchScreen.xib;
			sourceTree = "<group>";
		};
/* End PBXVariantGroup section */

/* Begin XCBuildConfiguration section */
		35A564A01B1FF2B200656AD5 /* Debug */ = {
			isa = XCBuildConfiguration;
			buildSettings = {
				ALWAYS_SEARCH_USER_PATHS = NO;
				CLANG_CXX_LANGUAGE_STANDARD = "gnu++0x";
				CLANG_CXX_LIBRARY = "libc++";
				CLANG_ENABLE_MODULES = YES;
				CLANG_ENABLE_OBJC_ARC = YES;
				CLANG_WARN_BOOL_CONVERSION = YES;
				CLANG_WARN_CONSTANT_CONVERSION = YES;
				CLANG_WARN_DIRECT_OBJC_ISA_USAGE = YES_ERROR;
				CLANG_WARN_EMPTY_BODY = YES;
				CLANG_WARN_ENUM_CONVERSION = YES;
				CLANG_WARN_INT_CONVERSION = YES;
				CLANG_WARN_OBJC_ROOT_CLASS = YES_ERROR;
				CLANG_WARN_UNREACHABLE_CODE = YES;
				CLANG_WARN__DUPLICATE_METHOD_MATCH = YES;
				"CODE_SIGN_IDENTITY[sdk=iphoneos*]" = "iPhone Developer";
				COPY_PHASE_STRIP = NO;
				DEBUG_INFORMATION_FORMAT = "dwarf-with-dsym";
				ENABLE_STRICT_OBJC_MSGSEND = YES;
				GCC_C_LANGUAGE_STANDARD = gnu99;
				GCC_DYNAMIC_NO_PIC = NO;
				GCC_NO_COMMON_BLOCKS = YES;
				GCC_OPTIMIZATION_LEVEL = 0;
				GCC_PREPROCESSOR_DEFINITIONS = (
					"DEBUG=1",
					"$(inherited)",
				);
				GCC_SYMBOLS_PRIVATE_EXTERN = NO;
				GCC_WARN_64_TO_32_BIT_CONVERSION = YES;
				GCC_WARN_ABOUT_RETURN_TYPE = YES_ERROR;
				GCC_WARN_UNDECLARED_SELECTOR = YES;
				GCC_WARN_UNINITIALIZED_AUTOS = YES_AGGRESSIVE;
				GCC_WARN_UNUSED_FUNCTION = YES;
				GCC_WARN_UNUSED_VARIABLE = YES;
				IPHONEOS_DEPLOYMENT_TARGET = 8.3;
				MTL_ENABLE_DEBUG_INFO = YES;
				ONLY_ACTIVE_ARCH = YES;
				SDKROOT = iphoneos;
			};
			name = Debug;
		};
		35A564A11B1FF2B200656AD5 /* Release */ = {
			isa = XCBuildConfiguration;
			buildSettings = {
				ALWAYS_SEARCH_USER_PATHS = NO;
				CLANG_CXX_LANGUAGE_STANDARD = "gnu++0x";
				CLANG_CXX_LIBRARY = "libc++";
				CLANG_ENABLE_MODULES = YES;
				CLANG_ENABLE_OBJC_ARC = YES;
				CLANG_WARN_BOOL_CONVERSION = YES;
				CLANG_WARN_CONSTANT_CONVERSION = YES;
				CLANG_WARN_DIRECT_OBJC_ISA_USAGE = YES_ERROR;
				CLANG_WARN_EMPTY_BODY = YES;
				CLANG_WARN_ENUM_CONVERSION = YES;
				CLANG_WARN_INT_CONVERSION = YES;
				CLANG_WARN_OBJC_ROOT_CLASS = YES_ERROR;
				CLANG_WARN_UNREACHABLE_CODE = YES;
				CLANG_WARN__DUPLICATE_METHOD_MATCH = YES;
				"CODE_SIGN_IDENTITY[sdk=iphoneos*]" = "iPhone Developer";
				COPY_PHASE_STRIP = NO;
				DEBUG_INFORMATION_FORMAT = "dwarf-with-dsym";
				ENABLE_NS_ASSERTIONS = NO;
				ENABLE_STRICT_OBJC_MSGSEND = YES;
				GCC_C_LANGUAGE_STANDARD = gnu99;
				GCC_NO_COMMON_BLOCKS = YES;
				GCC_WARN_64_TO_32_BIT_CONVERSION = YES;
				GCC_WARN_ABOUT_RETURN_TYPE = YES_ERROR;
				GCC_WARN_UNDECLARED_SELECTOR = YES;
				GCC_WARN_UNINITIALIZED_AUTOS = YES_AGGRESSIVE;
				GCC_WARN_UNUSED_FUNCTION = YES;
				GCC_WARN_UNUSED_VARIABLE = YES;
				IPHONEOS_DEPLOYMENT_TARGET = 8.3;
				MTL_ENABLE_DEBUG_INFO = NO;
				SDKROOT = iphoneos;
				VALIDATE_PRODUCT = YES;
			};
			name = Release;
		};
		35A564A31B1FF2B200656AD5 /* Debug */ = {
			isa = XCBuildConfiguration;
			buildSettings = {
				ASSETCATALOG_COMPILER_APPICON_NAME = AppIcon;
				INFOPLIST_FILE = CircularGraphViewTest/Info.plist;
				LD_RUNPATH_SEARCH_PATHS = "$(inherited) @executable_path/Frameworks";
				PRODUCT_NAME = "$(TARGET_NAME)";
			};
			name = Debug;
		};
		35A564A41B1FF2B200656AD5 /* Release */ = {
			isa = XCBuildConfiguration;
			buildSettings = {
				ASSETCATALOG_COMPILER_APPICON_NAME = AppIcon;
				INFOPLIST_FILE = CircularGraphViewTest/Info.plist;
				LD_RUNPATH_SEARCH_PATHS = "$(inherited) @executable_path/Frameworks";
				PRODUCT_NAME = "$(TARGET_NAME)";
			};
			name = Release;
		};
		35A564A61B1FF2B200656AD5 /* Debug */ = {
			isa = XCBuildConfiguration;
			buildSettings = {
				BUNDLE_LOADER = "$(TEST_HOST)";
				FRAMEWORK_SEARCH_PATHS = (
					"$(SDKROOT)/Developer/Library/Frameworks",
					"$(inherited)",
				);
				GCC_PREPROCESSOR_DEFINITIONS = (
					"DEBUG=1",
					"$(inherited)",
				);
				INFOPLIST_FILE = CircularGraphViewTestTests/Info.plist;
				LD_RUNPATH_SEARCH_PATHS = "$(inherited) @executable_path/Frameworks @loader_path/Frameworks";
				PRODUCT_NAME = "$(TARGET_NAME)";
				TEST_HOST = "$(BUILT_PRODUCTS_DIR)/CircularGraphViewTest.app/CircularGraphViewTest";
			};
			name = Debug;
		};
		35A564A71B1FF2B200656AD5 /* Release */ = {
			isa = XCBuildConfiguration;
			buildSettings = {
				BUNDLE_LOADER = "$(TEST_HOST)";
				FRAMEWORK_SEARCH_PATHS = (
					"$(SDKROOT)/Developer/Library/Frameworks",
					"$(inherited)",
				);
				INFOPLIST_FILE = CircularGraphViewTestTests/Info.plist;
				LD_RUNPATH_SEARCH_PATHS = "$(inherited) @executable_path/Frameworks @loader_path/Frameworks";
				PRODUCT_NAME = "$(TARGET_NAME)";
				TEST_HOST = "$(BUILT_PRODUCTS_DIR)/CircularGraphViewTest.app/CircularGraphViewTest";
			};
			name = Release;
		};
/* End XCBuildConfiguration section */

/* Begin XCConfigurationList section */
		35A5647A1B1FF2B200656AD5 /* Build configuration list for PBXProject "CircularGraphViewTest" */ = {
			isa = XCConfigurationList;
			buildConfigurations = (
				35A564A01B1FF2B200656AD5 /* Debug */,
				35A564A11B1FF2B200656AD5 /* Release */,
			);
			defaultConfigurationIsVisible = 0;
			defaultConfigurationName = Release;
		};
		35A564A21B1FF2B200656AD5 /* Build configuration list for PBXNativeTarget "CircularGraphViewTest" */ = {
			isa = XCConfigurationList;
			buildConfigurations = (
				35A564A31B1FF2B200656AD5 /* Debug */,
				35A564A41B1FF2B200656AD5 /* Release */,
			);
			defaultConfigurationIsVisible = 0;
		};
		35A564A51B1FF2B200656AD5 /* Build configuration list for PBXNativeTarget "CircularGraphViewTestTests" */ = {
			isa = XCConfigurationList;
			buildConfigurations = (
				35A564A61B1FF2B200656AD5 /* Debug */,
				35A564A71B1FF2B200656AD5 /* Release */,
			);
			defaultConfigurationIsVisible = 0;
		};
/* End XCConfigurationList section */
	};
	rootObject = 35A564771B1FF2B200656AD5 /* Project object */;
}
